
Microsoft Visual Studio Solution File, Format Version 12.00
# Visual Studio Version 17
VisualStudioVersion = 17.0.31903.59
MinimumVisualStudioVersion = 10.0.40219.1
Project("{FAE04EC0-301F-11D3-BF4B-00C04F79EFBC}") = "LibraryManagement.Api", "LibraryManagement.Api\LibraryManagement.Api.csproj", "{7FEE2388-1F5D-4996-BB11-C656FC297281}"
EndProject
Project("{FAE04EC0-301F-11D3-BF4B-00C04F79EFBC}") = "LibraryManagement.Application", "LibraryManagement.Application\LibraryManagement.Application.csproj", "{AA0AA6C9-FBE1-4A9C-933B-9D6F3CCB949A}"
EndProject
Project("{FAE04EC0-301F-11D3-BF4B-00C04F79EFBC}") = "LibraryManagement.Persistence", "LibraryManagement.Persistence\LibraryManagement.Persistence.csproj", "{86F493B6-84C1-410A-8A74-A7DDED0C577D}"
EndProject
Project("{FAE04EC0-301F-11D3-BF4B-00C04F79EFBC}") = "LibraryManagement.Domain", "LibraryManagement.Domain\LibraryManagement.Domain.csproj", "{891D16C2-28D8-408E-A809-3F6EA639A6CF}"
EndProject
Global
	GlobalSection(SolutionConfigurationPlatforms) = preSolution
		Debug|Any CPU = Debug|Any CPU
		Release|Any CPU = Release|Any CPU
	EndGlobalSection
	GlobalSection(ProjectConfigurationPlatforms) = postSolution
		{7FEE2388-1F5D-4996-BB11-C656FC297281}.Debug|Any CPU.ActiveCfg = Debug|Any CPU
		{7FEE2388-1F5D-4996-BB11-C656FC297281}.Debug|Any CPU.Build.0 = Debug|Any CPU
		{7FEE2388-1F5D-4996-BB11-C656FC297281}.Release|Any CPU.ActiveCfg = Release|Any CPU
		{7FEE2388-1F5D-4996-BB11-C656FC297281}.Release|Any CPU.Build.0 = Release|Any CPU
		{AA0AA6C9-FBE1-4A9C-933B-9D6F3CCB949A}.Debug|Any CPU.ActiveCfg = Debug|Any CPU
		{AA0AA6C9-FBE1-4A9C-933B-9D6F3CCB949A}.Debug|Any CPU.Build.0 = Debug|Any CPU
		{AA0AA6C9-FBE1-4A9C-933B-9D6F3CCB949A}.Release|Any CPU.ActiveCfg = Release|Any CPU
		{AA0AA6C9-FBE1-4A9C-933B-9D6F3CCB949A}.Release|Any CPU.Build.0 = Release|Any CPU
		{86F493B6-84C1-410A-8A74-A7DDED0C577D}.Debug|Any CPU.ActiveCfg = Debug|Any CPU
		{86F493B6-84C1-410A-8A74-A7DDED0C577D}.Debug|Any CPU.Build.0 = Debug|Any CPU
		{86F493B6-84C1-410A-8A74-A7DDED0C577D}.Release|Any CPU.ActiveCfg = Release|Any CPU
		{86F493B6-84C1-410A-8A74-A7DDED0C577D}.Release|Any CPU.Build.0 = Release|Any CPU
		{891D16C2-28D8-408E-A809-3F6EA639A6CF}.Debug|Any CPU.ActiveCfg = Debug|Any CPU
		{891D16C2-28D8-408E-A809-3F6EA639A6CF}.Debug|Any CPU.Build.0 = Debug|Any CPU
		{891D16C2-28D8-408E-A809-3F6EA639A6CF}.Release|Any CPU.ActiveCfg = Release|Any CPU
		{891D16C2-28D8-408E-A809-3F6EA639A6CF}.Release|Any CPU.Build.0 = Release|Any CPU
	EndGlobalSection
	GlobalSection(SolutionProperties) = preSolution
		HideSolutionNode = FALSE
	EndGlobalSection
	GlobalSection(ExtensibilityGlobals) = postSolution
		SolutionGuid = {B357C8BA-E4F6-484D-BB24-1D2ED4353297}
	EndGlobalSection
EndGlobal
